
Microsoft Visual Studio Solution File, Format Version 12.00
# Visual Studio 15
VisualStudioVersion = 15.0.26730.10
MinimumVisualStudioVersion = 10.0.40219.1
Project("{888888A0-9F3D-457C-B088-3A5042F75D52}") = "CBFV", "CBFV\CBFV.pyproj", "{6B070B07-B799-4BD2-827E-4FF1475E871D}"
EndProject
Project("{888888A0-9F3D-457C-B088-3A5042F75D52}") = "Plateau", "Plateau\Plateau.pyproj", "{DAC32FB1-7670-49D9-96E7-561AF822FD86}"
EndProject
Project("{888888A0-9F3D-457C-B088-3A5042F75D52}") = "ICPAR", "ICPAR\ICPAR.pyproj", "{C5CA3590-1BD7-4DFD-A477-D8F7661F4D03}"
EndProject
Project("{888888A0-9F3D-457C-B088-3A5042F75D52}") = "StoI", "StoI\StoI.pyproj", "{D43338C6-62DB-47DD-A1D2-ED16FCD949D3}"
EndProject
Project("{888888A0-9F3D-457C-B088-3A5042F75D52}") = "VendingMachine", "VendingMachine\VendingMachine.pyproj", "{3B7BC2F1-BEA8-4E13-9A41-657A8E3BE525}"
EndProject
Global
	GlobalSection(SolutionConfigurationPlatforms) = preSolution
		Debug|Any CPU = Debug|Any CPU
		Release|Any CPU = Release|Any CPU
	EndGlobalSection
	GlobalSection(ProjectConfigurationPlatforms) = postSolution
		{6B070B07-B799-4BD2-827E-4FF1475E871D}.Debug|Any CPU.ActiveCfg = Debug|Any CPU
		{6B070B07-B799-4BD2-827E-4FF1475E871D}.Release|Any CPU.ActiveCfg = Release|Any CPU
		{DAC32FB1-7670-49D9-96E7-561AF822FD86}.Debug|Any CPU.ActiveCfg = Debug|Any CPU
		{DAC32FB1-7670-49D9-96E7-561AF822FD86}.Release|Any CPU.ActiveCfg = Release|Any CPU
		{C5CA3590-1BD7-4DFD-A477-D8F7661F4D03}.Debug|Any CPU.ActiveCfg = Debug|Any CPU
		{C5CA3590-1BD7-4DFD-A477-D8F7661F4D03}.Release|Any CPU.ActiveCfg = Release|Any CPU
		{D43338C6-62DB-47DD-A1D2-ED16FCD949D3}.Debug|Any CPU.ActiveCfg = Debug|Any CPU
		{D43338C6-62DB-47DD-A1D2-ED16FCD949D3}.Release|Any CPU.ActiveCfg = Release|Any CPU
		{3B7BC2F1-BEA8-4E13-9A41-657A8E3BE525}.Debug|Any CPU.ActiveCfg = Debug|Any CPU
		{3B7BC2F1-BEA8-4E13-9A41-657A8E3BE525}.Release|Any CPU.ActiveCfg = Release|Any CPU
	EndGlobalSection
	GlobalSection(SolutionProperties) = preSolution
		HideSolutionNode = FALSE
	EndGlobalSection
	GlobalSection(ExtensibilityGlobals) = postSolution
		SolutionGuid = {DC4DDA0B-BA36-4D29-928D-FE6086E395BF}
	EndGlobalSection
EndGlobal
